
Microsoft Visual Studio Solution File, Format Version 12.00
# Visual Studio Version 16
VisualStudioVersion = 16.0.29411.108
MinimumVisualStudioVersion = 10.0.40219.1
Project("{2150E333-8FDC-42A3-9474-1A3956D46DE8}") = "1 - Application", "1 - Application", "{26DD4522-2FFF-40A3-B1D8-71706A810C13}"
EndProject
Project("{2150E333-8FDC-42A3-9474-1A3956D46DE8}") = "4 - Infra", "4 - Infra", "{19172CAE-EDD4-407E-8EF4-13F9A2E9D277}"
EndProject
Project("{9A19103F-16F7-4668-BE54-9A1E7A4F7556}") = "DotnetORMS", "DotnetORMS\DotnetORMS.csproj", "{99C0B08A-55AC-4DB5-A699-6E97EA0A52E3}"
EndProject
Project("{2150E333-8FDC-42A3-9474-1A3956D46DE8}") = "3 - Services", "3 - Services", "{A0D25895-1F65-460D-A6E6-1BD3FFA28FDD}"
EndProject
Project("{2150E333-8FDC-42A3-9474-1A3956D46DE8}") = "2 - Domain", "2 - Domain", "{7D2EDBDD-EB89-4BB0-A27B-EDA057FEF628}"
EndProject
Project("{FAE04EC0-301F-11D3-BF4B-00C04F79EFBC}") = "DotnetORMS.Services", "DotnetORMS.Services\DotnetORMS.Services.csproj", "{75279ABF-CA78-4821-9A4C-F0CF6E6ACD03}"
EndProject
Project("{FAE04EC0-301F-11D3-BF4B-00C04F79EFBC}") = "DotnetORMS.Domain", "DotnetORMS.Domain\DotnetORMS.Domain.csproj", "{FD18A5E6-A406-4419-81C7-94075074BCD0}"
EndProject
Project("{FAE04EC0-301F-11D3-BF4B-00C04F79EFBC}") = "DotnetORMS.Infra", "DotnetORMS.Infra\DotnetORMS.Infra.csproj", "{284D21F8-3CF8-4966-9CCF-63787E04BF66}"
EndProject
Project("{FAE04EC0-301F-11D3-BF4B-00C04F79EFBC}") = "DotnetORMS.Infra.DI", "DotnetORMS.Infra.DI\DotnetORMS.Infra.DI.csproj", "{9A788C1C-09C2-42BC-944C-173AEA6DC159}"
EndProject
Global
	GlobalSection(SolutionConfigurationPlatforms) = preSolution
		Debug|Any CPU = Debug|Any CPU
		Release|Any CPU = Release|Any CPU
	EndGlobalSection
	GlobalSection(ProjectConfigurationPlatforms) = postSolution
		{99C0B08A-55AC-4DB5-A699-6E97EA0A52E3}.Debug|Any CPU.ActiveCfg = Debug|Any CPU
		{99C0B08A-55AC-4DB5-A699-6E97EA0A52E3}.Debug|Any CPU.Build.0 = Debug|Any CPU
		{99C0B08A-55AC-4DB5-A699-6E97EA0A52E3}.Release|Any CPU.ActiveCfg = Release|Any CPU
		{99C0B08A-55AC-4DB5-A699-6E97EA0A52E3}.Release|Any CPU.Build.0 = Release|Any CPU
		{75279ABF-CA78-4821-9A4C-F0CF6E6ACD03}.Debug|Any CPU.ActiveCfg = Debug|Any CPU
		{75279ABF-CA78-4821-9A4C-F0CF6E6ACD03}.Debug|Any CPU.Build.0 = Debug|Any CPU
		{75279ABF-CA78-4821-9A4C-F0CF6E6ACD03}.Release|Any CPU.ActiveCfg = Release|Any CPU
		{75279ABF-CA78-4821-9A4C-F0CF6E6ACD03}.Release|Any CPU.Build.0 = Release|Any CPU
		{FD18A5E6-A406-4419-81C7-94075074BCD0}.Debug|Any CPU.ActiveCfg = Debug|Any CPU
		{FD18A5E6-A406-4419-81C7-94075074BCD0}.Debug|Any CPU.Build.0 = Debug|Any CPU
		{FD18A5E6-A406-4419-81C7-94075074BCD0}.Release|Any CPU.ActiveCfg = Release|Any CPU
		{FD18A5E6-A406-4419-81C7-94075074BCD0}.Release|Any CPU.Build.0 = Release|Any CPU
		{284D21F8-3CF8-4966-9CCF-63787E04BF66}.Debug|Any CPU.ActiveCfg = Debug|Any CPU
		{284D21F8-3CF8-4966-9CCF-63787E04BF66}.Debug|Any CPU.Build.0 = Debug|Any CPU
		{284D21F8-3CF8-4966-9CCF-63787E04BF66}.Release|Any CPU.ActiveCfg = Release|Any CPU
		{284D21F8-3CF8-4966-9CCF-63787E04BF66}.Release|Any CPU.Build.0 = Release|Any CPU
		{9A788C1C-09C2-42BC-944C-173AEA6DC159}.Debug|Any CPU.ActiveCfg = Debug|Any CPU
		{9A788C1C-09C2-42BC-944C-173AEA6DC159}.Debug|Any CPU.Build.0 = Debug|Any CPU
		{9A788C1C-09C2-42BC-944C-173AEA6DC159}.Release|Any CPU.ActiveCfg = Release|Any CPU
		{9A788C1C-09C2-42BC-944C-173AEA6DC159}.Release|Any CPU.Build.0 = Release|Any CPU
	EndGlobalSection
	GlobalSection(SolutionProperties) = preSolution
		HideSolutionNode = FALSE
	EndGlobalSection
	GlobalSection(NestedProjects) = preSolution
		{99C0B08A-55AC-4DB5-A699-6E97EA0A52E3} = {26DD4522-2FFF-40A3-B1D8-71706A810C13}
		{75279ABF-CA78-4821-9A4C-F0CF6E6ACD03} = {A0D25895-1F65-460D-A6E6-1BD3FFA28FDD}
		{FD18A5E6-A406-4419-81C7-94075074BCD0} = {7D2EDBDD-EB89-4BB0-A27B-EDA057FEF628}
		{284D21F8-3CF8-4966-9CCF-63787E04BF66} = {19172CAE-EDD4-407E-8EF4-13F9A2E9D277}
		{9A788C1C-09C2-42BC-944C-173AEA6DC159} = {19172CAE-EDD4-407E-8EF4-13F9A2E9D277}
	EndGlobalSection
	GlobalSection(ExtensibilityGlobals) = postSolution
		SolutionGuid = {15C90A8B-54DE-4B39-91FF-F6D3A9CB76CE}
	EndGlobalSection
EndGlobal
